<?xml version="1.0" encoding="utf-8"?>
<Project ToolsVersion="4.0" xmlns="http://schemas.microsoft.com/developer/msbuild/2003">
  <ItemGroup>
    <Filter Include="Source Files">
      <UniqueIdentifier>{4FC737F1-C7A5-4376-A066-2A32D752A2FF}</UniqueIdentifier>
      <Extensions>cpp;c;cc;cxx;c++;def;odl;idl;hpj;bat;asm;asmx</Extensions>
    </Filter>
    <Filter Include="Header Files">
      <UniqueIdentifier>{93995380-89BD-4b04-88EB-625FBE52EBFB}</UniqueIdentifier>
      <Extensions>h;hh;hpp;hxx;h++;hm;inl;inc;ipp;xsd</Extensions>
    </Filter>
    <Filter Include="Resource Files">
      <UniqueIdentifier>{67DA6AB6-F800-4c08-8B7A-83BB121AAD01}</UniqueIdentifier>
      <Extensions>rc;ico;cur;bmp;dlg;rc2;rct;bin;rgs;gif;jpg;jpeg;jpe;resx;tiff;tif;png;wav;mfcribbon-ms</Extensions>
    </Filter>
    <Filter Include="src">
      <UniqueIdentifier>{be6d9809-25ce-4f63-b713-aacf3048aca8}</UniqueIdentifier>
    </Filter>
    <Filter Include="src\Core">
      <UniqueIdentifier>{4913845d-0f77-408e-8d7c-179a3355c341}</UniqueIdentifier>
    </Filter>
    <Filter Include="src\Platform">
      <UniqueIdentifier>{3955f3b6-d6cc-45e2-9c46-3a3fb19b0538}</UniqueIdentifier>
    </Filter>
    <Filter Include="src\Runtime">
      <UniqueIdentifier>{ae07f40f-7424-4344-b471-9d3a37a6eaa6}</UniqueIdentifier>
    </Filter>
    <Filter Include="src\Runtime\Camera">
      <UniqueIdentifier>{ac1950eb-f98b-4569-81ae-5001224bb5d0}</UniqueIdentifier>
    </Filter>
    <Filter Include="src\Runtime\Renderer">
      <UniqueIdentifier>{62c2adb5-31d5-4d7e-b223-788c724cd710}</UniqueIdentifier>
    </Filter>
    <Filter Include="src\Runtime\Components">
      <UniqueIdentifier>{bb6d4994-78a1-4697-8b07-263819bb8cfc}</UniqueIdentifier>
    </Filter>
    <Filter Include="src\Platform\OpenGL">
      <UniqueIdentifier>{582c6015-3856-4f83-ba6b-79e2271db561}</UniqueIdentifier>
    </Filter>
    <Filter Include="src\Platform\SFML">
      <UniqueIdentifier>{4d48a9b0-77cf-43e4-a470-a72b9b1290a9}</UniqueIdentifier>
    </Filter>
    <Filter Include="src\Runtime\RenderCore">
      <UniqueIdentifier>{ee090acc-8139-4dfb-9a19-0862089d3ddf}</UniqueIdentifier>
    </Filter>
    <Filter Include="src\Runtime\Scene">
      <UniqueIdentifier>{5bab2161-e151-49df-9600-15052a386cec}</UniqueIdentifier>
    </Filter>
    <Filter Include="src\Utils">
      <UniqueIdentifier>{68b52dda-e30a-4ef9-9b2b-00b2e3495a95}</UniqueIdentifier>
    </Filter>
    <Filter Include="src\Core\Input">
      <UniqueIdentifier>{6489daa9-b762-4487-aeb0-8cba4591afa0}</UniqueIdentifier>
    </Filter>
  </ItemGroup>
  <ItemGroup>
    <ClCompile Include="Pine3D.cpp">
      <Filter>Source Files</Filter>
    </ClCompile>
    <ClCompile Include="src\Platform\SFML\SFMLWindow.cpp">
      <Filter>src\Platform\SFML</Filter>
    </ClCompile>
    <ClCompile Include="src\Runtime\Components\Transform.cpp">
      <Filter>src\Runtime\Components</Filter>
    </ClCompile>
    <ClCompile Include="src\Runtime\Components\Texture.cpp">
      <Filter>src\Runtime\Components</Filter>
    </ClCompile>
    <ClCompile Include="src\Core\Window.cpp">
      <Filter>src\Core</Filter>
    </ClCompile>
    <ClCompile Include="src\Runtime\Components\MeshRenderer.cpp">
      <Filter>src\Runtime\Components</Filter>
    </ClCompile>
    <ClCompile Include="src\Runtime\Camera\Camera.cpp">
      <Filter>src\Runtime\Camera</Filter>
    </ClCompile>
    <ClCompile Include="src\Core\Application.cpp">
      <Filter>src\Core</Filter>
    </ClCompile>
    <ClCompile Include="src\Runtime\Renderer\Renderer.cpp">
      <Filter>src\Runtime\Renderer</Filter>
    </ClCompile>
    <ClCompile Include="src\Platform\OpenGL\OpenGLRenderer.cpp">
      <Filter>src\Platform\OpenGL</Filter>
    </ClCompile>
    <ClCompile Include="src\Runtime\Components\Mesh.cpp">
      <Filter>src\Runtime\Components</Filter>
    </ClCompile>
    <ClCompile Include="src\Runtime\RenderCore\Shader.cpp">
      <Filter>src\Runtime\RenderCore</Filter>
    </ClCompile>
    <ClCompile Include="src\Core\Input\Controls.cpp">
      <Filter>src\Core\Input</Filter>
    </ClCompile>
    <ClCompile Include="src\Runtime\Components\Material.cpp">
      <Filter>src\Runtime\Components</Filter>
    </ClCompile>
    <ClCompile Include="src\Runtime\Components\Polygon.cpp">
      <Filter>src\Runtime\Components</Filter>
    </ClCompile>
    <ClCompile Include="src\Runtime\Components\Cube.cpp">
      <Filter>src\Runtime\Components</Filter>
    </ClCompile>
    <ClCompile Include="src\Runtime\Components\Plane.cpp">
      <Filter>src\Runtime\Components</Filter>
    </ClCompile>
    <ClCompile Include="src\Runtime\Scene\Scene.cpp">
      <Filter>src\Runtime\Scene</Filter>
    </ClCompile>
  </ItemGroup>
  <ItemGroup>
    <ClInclude Include="src\Platform\SFML\SFMLWindow.h">
      <Filter>src\Platform\SFML</Filter>
    </ClInclude>
    <ClInclude Include="src\Runtime\Components\Texture.h">
      <Filter>src\Runtime\Components</Filter>
    </ClInclude>
    <ClInclude Include="src\Runtime\Components\Transform.h">
      <Filter>src\Runtime\Components</Filter>
    </ClInclude>
    <ClInclude Include="src\Core\Window.h">
      <Filter>src\Core</Filter>
    </ClInclude>
    <ClInclude Include="src\Core\Sfsf.h">
      <Filter>src\Core</Filter>
    </ClInclude>
    <ClInclude Include="src\Core\Application.h">
      <Filter>src\Core</Filter>
    </ClInclude>
    <ClInclude Include="src\Runtime\Camera\Camera.h">
      <Filter>src\Runtime\Camera</Filter>
    </ClInclude>
    <ClInclude Include="src\Runtime\Components\MeshRenderer.h">
      <Filter>src\Runtime\Components</Filter>
    </ClInclude>
    <ClInclude Include="src\Runtime\Renderer\Renderer.h">
      <Filter>src\Runtime\Renderer</Filter>
    </ClInclude>
    <ClInclude Include="src\Platform\OpenGL\OpenGLRenderer.h">
      <Filter>src\Platform\OpenGL</Filter>
    </ClInclude>
    <ClInclude Include="src\Runtime\Components\Mesh.h">
      <Filter>src\Runtime\Components</Filter>
    </ClInclude>
    <ClInclude Include="src\Runtime\RenderCore\Shader.h">
      <Filter>src\Runtime\RenderCore</Filter>
    </ClInclude>
    <ClInclude Include="src\Runtime\Scene\SceneObject.h">
      <Filter>src\Runtime\Scene</Filter>
    </ClInclude>
    <ClInclude Include="src\Utils\Utils.h">
      <Filter>src\Utils</Filter>
    </ClInclude>
    <ClInclude Include="src\Core\Input\Controls.h">
      <Filter>src\Core\Input</Filter>
    </ClInclude>
    <ClInclude Include="src\Runtime\Components\Material.h">
      <Filter>src\Runtime\Components</Filter>
    </ClInclude>
    <ClInclude Include="src\Runtime\Components\Polygon.h">
      <Filter>src\Runtime\Components</Filter>
    </ClInclude>
    <ClInclude Include="src\Runtime\Components\Cube.h">
      <Filter>src\Runtime\Components</Filter>
    </ClInclude>
    <ClInclude Include="src\Runtime\Components\Plane.h">
      <Filter>src\Runtime\Components</Filter>
    </ClInclude>
    <ClInclude Include="src\Runtime\Scene\Scene.h">
      <Filter>src\Runtime\Scene</Filter>
    </ClInclude>
  </ItemGroup>
</Project>